
Microsoft Visual Studio Solution File, Format Version 12.00
# Visual Studio Version 16
VisualStudioVersion = 16.0.31105.61
MinimumVisualStudioVersion = 10.0.40219.1
Project("{FAE04EC0-301F-11D3-BF4B-00C04F79EFBC}") = "UmaFull", "UmaFull\UmaFull.csproj", "{45A96506-5329-4DE0-BAEB-0F3D6F606B0E}"
EndProject
Global
	GlobalSection(SolutionConfigurationPlatforms) = preSolution
		Debug|Any CPU = Debug|Any CPU
		Release|Any CPU = Release|Any CPU
	EndGlobalSection
	GlobalSection(ProjectConfigurationPlatforms) = postSolution
		{45A96506-5329-4DE0-BAEB-0F3D6F606B0E}.Debug|Any CPU.ActiveCfg = Debug|Any CPU
		{45A96506-5329-4DE0-BAEB-0F3D6F606B0E}.Debug|Any CPU.Build.0 = Debug|Any CPU
		{45A96506-5329-4DE0-BAEB-0F3D6F606B0E}.Release|Any CPU.ActiveCfg = Release|Any CPU
		{45A96506-5329-4DE0-BAEB-0F3D6F606B0E}.Release|Any CPU.Build.0 = Release|Any CPU
	EndGlobalSection
	GlobalSection(SolutionProperties) = preSolution
		HideSolutionNode = FALSE
	EndGlobalSection
	GlobalSection(ExtensibilityGlobals) = postSolution
		SolutionGuid = {4F328E64-508B-4A0A-89E1-E5015AE45E5E}
	EndGlobalSection
EndGlobal
